github.com/usetero/policy-go/policy v1.10.1 h1:Zx2rgRwDirF7/qoEhR1alL7tMoziLrko2hFp2KOmgrM=
github.com/usetero/policy-go/policy v1.10.1/go.mod h1:YLOxKLbj9tYYbZT+TQrqOjTzPsEg7FSGgKWooe3vBUw=
github.com/usetero/policy-go/policy v1.12.0 h1:/eubFlkHNb+5zyBJCf8RZHhQ0XbFy+Bmb9dma9YnRU4=
github.com/usetero/policy-go/policy v1.12.0/go.mod h1:1PMrk613wBjt/jT0yZGIfsSvDdJMahxhs4Uvn824abU=
