github.com/usetero/policy-go/policy v1.10.0 h1:kF5HlESwCa4ULrczfi1sD6hUFDP2orQKlAFGJOXBIjw=
github.com/usetero/policy-go/policy v1.10.0/go.mod h1:DhbYelF6Npqo9Oz4/S/bPiHJIJrpq+etar1TUAOnlS8=
github.com/usetero/policy-go/policy v1.10.1 h1:Zx2rgRwDirF7/qoEhR1alL7tMoziLrko2hFp2KOmgrM=
github.com/usetero/policy-go/policy v1.10.1/go.mod h1:YLOxKLbj9tYYbZT+TQrqOjTzPsEg7FSGgKWooe3vBUw=
