github.com/usetero/policy-go/policy v1.12.0 h1:/eubFlkHNb+5zyBJCf8RZHhQ0XbFy+Bmb9dma9YnRU4=
github.com/usetero/policy-go/policy v1.12.0/go.mod h1:1PMrk613wBjt/jT0yZGIfsSvDdJMahxhs4Uvn824abU=
github.com/usetero/policy-go/policy v1.12.1 h1:+l+Ovnj3EiqbedHU4k82SU4+QIuJ321Jq1zYxtSe5Ps=
github.com/usetero/policy-go/policy v1.12.1/go.mod h1:W0XhTzp5Al+QWG2WbDx3P1tFWSKh/BpRsMONkqUcZGo=
